// !$*UTF8*$!
{
	archiveVersion = 1;
	classes = {
	};
	objectVersion = 56;
	objects = {

/* Begin PBXBuildFile section */
		E92541DC2A695F74008C97AD /* 6.jpg in Resources */ = {isa = PBXBuildFile; fileRef = E92541D22A695F73008C97AD /* 6.jpg */; };
		E92541DD2A695F74008C97AD /* 1.jpg in Resources */ = {isa = PBXBuildFile; fileRef = E92541D32A695F73008C97AD /* 1.jpg */; };
		E92541DE2A695F74008C97AD /* 4.jpg in Resources */ = {isa = PBXBuildFile; fileRef = E92541D42A695F73008C97AD /* 4.jpg */; };
		E92541DF2A695F74008C97AD /* 9.jpg in Resources */ = {isa = PBXBuildFile; fileRef = E92541D52A695F74008C97AD /* 9.jpg */; };
		E92541E02A695F74008C97AD /* 5.jpg in Resources */ = {isa = PBXBuildFile; fileRef = E92541D62A695F74008C97AD /* 5.jpg */; };
		E92541E12A695F74008C97AD /* 7.jpg in Resources */ = {isa = PBXBuildFile; fileRef = E92541D72A695F74008C97AD /* 7.jpg */; };
		E92541E22A695F74008C97AD /* 2.jpg in Resources */ = {isa = PBXBuildFile; fileRef = E92541D82A695F74008C97AD /* 2.jpg */; };
		E92541E32A695F74008C97AD /* 3.jpg in Resources */ = {isa = PBXBuildFile; fileRef = E92541D92A695F74008C97AD /* 3.jpg */; };
		E92541E42A695F74008C97AD /* 8.jpg in Resources */ = {isa = PBXBuildFile; fileRef = E92541DA2A695F74008C97AD /* 8.jpg */; };
		E92541E52A695F74008C97AD /* 10.jpg in Resources */ = {isa = PBXBuildFile; fileRef = E92541DB2A695F74008C97AD /* 10.jpg */; };
		E99A49222A685F2500590E4E /* AppDelegate.swift in Sources */ = {isa = PBXBuildFile; fileRef = E99A49212A685F2500590E4E /* AppDelegate.swift */; };
		E99A49242A685F2500590E4E /* SceneDelegate.swift in Sources */ = {isa = PBXBuildFile; fileRef = E99A49232A685F2500590E4E /* SceneDelegate.swift */; };
		E99A49262A685F2500590E4E /* ViewController.swift in Sources */ = {isa = PBXBuildFile; fileRef = E99A49252A685F2500590E4E /* ViewController.swift */; };
		E99A49292A685F2500590E4E /* Main.storyboard in Resources */ = {isa = PBXBuildFile; fileRef = E99A49272A685F2500590E4E /* Main.storyboard */; };
		E99A492B2A685F2800590E4E /* Assets.xcassets in Resources */ = {isa = PBXBuildFile; fileRef = E99A492A2A685F2800590E4E /* Assets.xcassets */; };
		E99A492E2A685F2800590E4E /* LaunchScreen.storyboard in Resources */ = {isa = PBXBuildFile; fileRef = E99A492C2A685F2800590E4E /* LaunchScreen.storyboard */; };
/* End PBXBuildFile section */

/* Begin PBXFileReference section */
		E92541D22A695F73008C97AD /* 6.jpg */ = {isa = PBXFileReference; lastKnownFileType = image.jpeg; path = 6.jpg; sourceTree = "<group>"; };
		E92541D32A695F73008C97AD /* 1.jpg */ = {isa = PBXFileReference; lastKnownFileType = image.jpeg; path = 1.jpg; sourceTree = "<group>"; };
		E92541D42A695F73008C97AD /* 4.jpg */ = {isa = PBXFileReference; lastKnownFileType = image.jpeg; path = 4.jpg; sourceTree = "<group>"; };
		E92541D52A695F74008C97AD /* 9.jpg */ = {isa = PBXFileReference; lastKnownFileType = image.jpeg; path = 9.jpg; sourceTree = "<group>"; };
		E92541D62A695F74008C97AD /* 5.jpg */ = {isa = PBXFileReference; lastKnownFileType = image.jpeg; path = 5.jpg; sourceTree = "<group>"; };
		E92541D72A695F74008C97AD /* 7.jpg */ = {isa = PBXFileReference; lastKnownFileType = image.jpeg; path = 7.jpg; sourceTree = "<group>"; };
		E92541D82A695F74008C97AD /* 2.jpg */ = {isa = PBXFileReference; lastKnownFileType = image.jpeg; path = 2.jpg; sourceTree = "<group>"; };
		E92541D92A695F74008C97AD /* 3.jpg */ = {isa = PBXFileReference; lastKnownFileType = image.jpeg; path = 3.jpg; sourceTree = "<group>"; };
		E92541DA2A695F74008C97AD /* 8.jpg */ = {isa = PBXFileReference; lastKnownFileType = image.jpeg; path = 8.jpg; sourceTree = "<group>"; };
		E92541DB2A695F74008C97AD /* 10.jpg */ = {isa = PBXFileReference; lastKnownFileType = image.jpeg; path = 10.jpg; sourceTree = "<group>"; };
		E99A491E2A685F2500590E4E /* PickerView.app */ = {isa = PBXFileReference; explicitFileType = wrapper.application; includeInIndex = 0; path = PickerView.app; sourceTree = BUILT_PRODUCTS_DIR; };
		E99A49212A685F2500590E4E /* AppDelegate.swift */ = {isa = PBXFileReference; lastKnownFileType = sourcecode.swift; path = AppDelegate.swift; sourceTree = "<group>"; };
		E99A49232A685F2500590E4E /* SceneDelegate.swift */ = {isa = PBXFileReference; lastKnownFileType = sourcecode.swift; path = SceneDelegate.swift; sourceTree = "<group>"; };
		E99A49252A685F2500590E4E /* ViewController.swift */ = {isa = PBXFileReference; lastKnownFileType = sourcecode.swift; path = ViewController.swift; sourceTree = "<group>"; };
		E99A49282A685F2500590E4E /* Base */ = {isa = PBXFileReference; lastKnownFileType = file.storyboard; name = Base; path = Base.lproj/Main.storyboard; sourceTree = "<group>"; };
		E99A492A2A685F2800590E4E /* Assets.xcassets */ = {isa = PBXFileReference; lastKnownFileType = folder.assetcatalog; path = Assets.xcassets; sourceTree = "<group>"; };
		E99A492D2A685F2800590E4E /* Base */ = {isa = PBXFileReference; lastKnownFileType = file.storyboard; name = Base; path = Base.lproj/LaunchScreen.storyboard; sourceTree = "<group>"; };
		E99A492F2A685F2800590E4E /* Info.plist */ = {isa = PBXFileReference; lastKnownFileType = text.plist.xml; path = Info.plist; sourceTree = "<group>"; };
/* End PBXFileReference section */

/* Begin PBXFrameworksBuildPhase section */
		E99A491B2A685F2500590E4E /* Frameworks */ = {
			isa = PBXFrameworksBuildPhase;
			buildActionMask = 2147483647;
			files = (
			);
			runOnlyForDeploymentPostprocessing = 0;
		};
/* End PBXFrameworksBuildPhase section */

/* Begin PBXGroup section */
		E92541D12A695F4D008C97AD /* images */ = {
			isa = PBXGroup;
			children = (
				E92541D32A695F73008C97AD /* 1.jpg */,
				E92541D82A695F74008C97AD /* 2.jpg */,
				E92541D92A695F74008C97AD /* 3.jpg */,
				E92541D42A695F73008C97AD /* 4.jpg */,
				E92541D62A695F74008C97AD /* 5.jpg */,
				E92541D22A695F73008C97AD /* 6.jpg */,
				E92541D72A695F74008C97AD /* 7.jpg */,
				E92541DA2A695F74008C97AD /* 8.jpg */,
				E92541D52A695F74008C97AD /* 9.jpg */,
				E92541DB2A695F74008C97AD /* 10.jpg */,
			);
			path = images;
			sourceTree = "<group>";
		};
		E99A49152A685F2500590E4E = {
			isa = PBXGroup;
			children = (
				E99A49202A685F2500590E4E /* PickerView */,
				E99A491F2A685F2500590E4E /* Products */,
			);
			sourceTree = "<group>";
		};
		E99A491F2A685F2500590E4E /* Products */ = {
			isa = PBXGroup;
			children = (
				E99A491E2A685F2500590E4E /* PickerView.app */,
			);
			name = Products;
			sourceTree = "<group>";
		};
		E99A49202A685F2500590E4E /* PickerView */ = {
			isa = PBXGroup;
			children = (
				E92541D12A695F4D008C97AD /* images */,
				E99A49212A685F2500590E4E /* AppDelegate.swift */,
				E99A49232A685F2500590E4E /* SceneDelegate.swift */,
				E99A49252A685F2500590E4E /* ViewController.swift */,
				E99A49272A685F2500590E4E /* Main.storyboard */,
				E99A492A2A685F2800590E4E /* Assets.xcassets */,
				E99A492C2A685F2800590E4E /* LaunchScreen.storyboard */,
				E99A492F2A685F2800590E4E /* Info.plist */,
			);
			path = PickerView;
			sourceTree = "<group>";
		};
/* End PBXGroup section */

/* Begin PBXNativeTarget section */
		E99A491D2A685F2500590E4E /* PickerView */ = {
			isa = PBXNativeTarget;
			buildConfigurationList = E99A49322A685F2800590E4E /* Build configuration list for PBXNativeTarget "PickerView" */;
			buildPhases = (
				E99A491A2A685F2500590E4E /* Sources */,
				E99A491B2A685F2500590E4E /* Frameworks */,
				E99A491C2A685F2500590E4E /* Resources */,
			);
			buildRules = (
			);
			dependencies = (
			);
			name = PickerView;
			productName = PickerView;
			productReference = E99A491E2A685F2500590E4E /* PickerView.app */;
			productType = "com.apple.product-type.application";
		};
/* End PBXNativeTarget section */

/* Begin PBXProject section */
		E99A49162A685F2500590E4E /* Project object */ = {
			isa = PBXProject;
			attributes = {
				BuildIndependentTargetsInParallel = 1;
				LastSwiftUpdateCheck = 1430;
				LastUpgradeCheck = 1430;
				TargetAttributes = {
					E99A491D2A685F2500590E4E = {
						CreatedOnToolsVersion = 14.3.1;
					};
				};
			};
			buildConfigurationList = E99A49192A685F2500590E4E /* Build configuration list for PBXProject "PickerView" */;
			compatibilityVersion = "Xcode 14.0";
			developmentRegion = en;
			hasScannedForEncodings = 0;
			knownRegions = (
				en,
				Base,
			);
			mainGroup = E99A49152A685F2500590E4E;
			productRefGroup = E99A491F2A685F2500590E4E /* Products */;
			projectDirPath = "";
			projectRoot = "";
			targets = (
				E99A491D2A685F2500590E4E /* PickerView */,
			);
		};
/* End PBXProject section */

/* Begin PBXResourcesBuildPhase section */
		E99A491C2A685F2500590E4E /* Resources */ = {
			isa = PBXResourcesBuildPhase;
			buildActionMask = 2147483647;
			files = (
				E92541E52A695F74008C97AD /* 10.jpg in Resources */,
				E92541E42A695F74008C97AD /* 8.jpg in Resources */,
				E92541E32A695F74008C97AD /* 3.jpg in Resources */,
				E92541DE2A695F74008C97AD /* 4.jpg in Resources */,
				E92541E02A695F74008C97AD /* 5.jpg in Resources */,
				E92541E22A695F74008C97AD /* 2.jpg in Resources */,
				E99A492E2A685F2800590E4E /* LaunchScreen.storyboard in Resources */,
				E92541DF2A695F74008C97AD /* 9.jpg in Resources */,
				E99A492B2A685F2800590E4E /* Assets.xcassets in Resources */,
				E92541DC2A695F74008C97AD /* 6.jpg in Resources */,
				E92541E12A695F74008C97AD /* 7.jpg in Resources */,
				E99A49292A685F2500590E4E /* Main.storyboard in Resources */,
				E92541DD2A695F74008C97AD /* 1.jpg in Resources */,
			);
			runOnlyForDeploymentPostprocessing = 0;
		};
/* End PBXResourcesBuildPhase section */

/* Begin PBXSourcesBuildPhase section */
		E99A491A2A685F2500590E4E /* Sources */ = {
			isa = PBXSourcesBuildPhase;
			buildActionMask = 2147483647;
			files = (
				E99A49262A685F2500590E4E /* ViewController.swift in Sources */,
				E99A49222A685F2500590E4E /* AppDelegate.swift in Sources */,
				E99A49242A685F2500590E4E /* SceneDelegate.swift in Sources */,
			);
			runOnlyForDeploymentPostprocessing = 0;
		};
/* End PBXSourcesBuildPhase section */

/* Begin PBXVariantGroup section */
		E99A49272A685F2500590E4E /* Main.storyboard */ = {
			isa = PBXVariantGroup;
			children = (
				E99A49282A685F2500590E4E /* Base */,
			);
			name = Main.storyboard;
			sourceTree = "<group>";
		};
		E99A492C2A685F2800590E4E /* LaunchScreen.storyboard */ = {
			isa = PBXVariantGroup;
			children = (
				E99A492D2A685F2800590E4E /* Base */,
			);
			name = LaunchScreen.storyboard;
			sourceTree = "<group>";
		};
/* End PBXVariantGroup section */

/* Begin XCBuildConfiguration section */
		E99A49302A685F2800590E4E /* Debug */ = {
			isa = XCBuildConfiguration;
			buildSettings = {
				ALWAYS_SEARCH_USER_PATHS = NO;
				CLANG_ANALYZER_NONNULL = YES;
				CLANG_ANALYZER_NUMBER_OBJECT_CONVERSION = YES_AGGRESSIVE;
				CLANG_CXX_LANGUAGE_STANDARD = "gnu++20";
				CLANG_ENABLE_MODULES = YES;
				CLANG_ENABLE_OBJC_ARC = YES;
				CLANG_ENABLE_OBJC_WEAK = YES;
				CLANG_WARN_BLOCK_CAPTURE_AUTORELEASING = YES;
				CLANG_WARN_BOOL_CONVERSION = YES;
				CLANG_WARN_COMMA = YES;
				CLANG_WARN_CONSTANT_CONVERSION = YES;
				CLANG_WARN_DEPRECATED_OBJC_IMPLEMENTATIONS = YES;
				CLANG_WARN_DIRECT_OBJC_ISA_USAGE = YES_ERROR;
				CLANG_WARN_DOCUMENTATION_COMMENTS = YES;
				CLANG_WARN_EMPTY_BODY = YES;
				CLANG_WARN_ENUM_CONVERSION = YES;
				CLANG_WARN_INFINITE_RECURSION = YES;
				CLANG_WARN_INT_CONVERSION = YES;
				CLANG_WARN_NON_LITERAL_NULL_CONVERSION = YES;
				CLANG_WARN_OBJC_IMPLICIT_RETAIN_SELF = YES;
				CLANG_WARN_OBJC_LITERAL_CONVERSION = YES;
				CLANG_WARN_OBJC_ROOT_CLASS = YES_ERROR;
				CLANG_WARN_QUOTED_INCLUDE_IN_FRAMEWORK_HEADER = YES;
				CLANG_WARN_RANGE_LOOP_ANALYSIS = YES;
				CLANG_WARN_STRICT_PROTOTYPES = YES;
				CLANG_WARN_SUSPICIOUS_MOVE = YES;
				CLANG_WARN_UNGUARDED_AVAILABILITY = YES_AGGRESSIVE;
				CLANG_WARN_UNREACHABLE_CODE = YES;
				CLANG_WARN__DUPLICATE_METHOD_MATCH = YES;
				COPY_PHASE_STRIP = NO;
				DEBUG_INFORMATION_FORMAT = dwarf;
				ENABLE_STRICT_OBJC_MSGSEND = YES;
				ENABLE_TESTABILITY = YES;
				GCC_C_LANGUAGE_STANDARD = gnu11;
				GCC_DYNAMIC_NO_PIC = NO;
				GCC_NO_COMMON_BLOCKS = YES;
				GCC_OPTIMIZATION_LEVEL = 0;
				GCC_PREPROCESSOR_DEFINITIONS = (
					"DEBUG=1",
					"$(inherited)",
				);
				GCC_WARN_64_TO_32_BIT_CONVERSION = YES;
				GCC_WARN_ABOUT_RETURN_TYPE = YES_ERROR;
				GCC_WARN_UNDECLARED_SELECTOR = YES;
				GCC_WARN_UNINITIALIZED_AUTOS = YES_AGGRESSIVE;
				GCC_WARN_UNUSED_FUNCTION = YES;
				GCC_WARN_UNUSED_VARIABLE = YES;
				IPHONEOS_DEPLOYMENT_TARGET = 16.4;
				MTL_ENABLE_DEBUG_INFO = INCLUDE_SOURCE;
				MTL_FAST_MATH = YES;
				ONLY_ACTIVE_ARCH = YES;
				SDKROOT = iphoneos;
				SWIFT_ACTIVE_COMPILATION_CONDITIONS = DEBUG;
				SWIFT_OPTIMIZATION_LEVEL = "-Onone";
			};
			name = Debug;
		};
		E99A49312A685F2800590E4E /* Release */ = {
			isa = XCBuildConfiguration;
			buildSettings = {
				ALWAYS_SEARCH_USER_PATHS = NO;
				CLANG_ANALYZER_NONNULL = YES;
				CLANG_ANALYZER_NUMBER_OBJECT_CONVERSION = YES_AGGRESSIVE;
				CLANG_CXX_LANGUAGE_STANDARD = "gnu++20";
				CLANG_ENABLE_MODULES = YES;
				CLANG_ENABLE_OBJC_ARC = YES;
				CLANG_ENABLE_OBJC_WEAK = YES;
				CLANG_WARN_BLOCK_CAPTURE_AUTORELEASING = YES;
				CLANG_WARN_BOOL_CONVERSION = YES;
				CLANG_WARN_COMMA = YES;
				CLANG_WARN_CONSTANT_CONVERSION = YES;
				CLANG_WARN_DEPRECATED_OBJC_IMPLEMENTATIONS = YES;
				CLANG_WARN_DIRECT_OBJC_ISA_USAGE = YES_ERROR;
				CLANG_WARN_DOCUMENTATION_COMMENTS = YES;
				CLANG_WARN_EMPTY_BODY = YES;
				CLANG_WARN_ENUM_CONVERSION = YES;
				CLANG_WARN_INFINITE_RECURSION = YES;
				CLANG_WARN_INT_CONVERSION = YES;
				CLANG_WARN_NON_LITERAL_NULL_CONVERSION = YES;
				CLANG_WARN_OBJC_IMPLICIT_RETAIN_SELF = YES;
				CLANG_WARN_OBJC_LITERAL_CONVERSION = YES;
				CLANG_WARN_OBJC_ROOT_CLASS = YES_ERROR;
				CLANG_WARN_QUOTED_INCLUDE_IN_FRAMEWORK_HEADER = YES;
				CLANG_WARN_RANGE_LOOP_ANALYSIS = YES;
				CLANG_WARN_STRICT_PROTOTYPES = YES;
				CLANG_WARN_SUSPICIOUS_MOVE = YES;
				CLANG_WARN_UNGUARDED_AVAILABILITY = YES_AGGRESSIVE;
				CLANG_WARN_UNREACHABLE_CODE = YES;
				CLANG_WARN__DUPLICATE_METHOD_MATCH = YES;
				COPY_PHASE_STRIP = NO;
				DEBUG_INFORMATION_FORMAT = "dwarf-with-dsym";
				ENABLE_NS_ASSERTIONS = NO;
				ENABLE_STRICT_OBJC_MSGSEND = YES;
				GCC_C_LANGUAGE_STANDARD = gnu11;
				GCC_NO_COMMON_BLOCKS = YES;
				GCC_WARN_64_TO_32_BIT_CONVERSION = YES;
				GCC_WARN_ABOUT_RETURN_TYPE = YES_ERROR;
				GCC_WARN_UNDECLARED_SELECTOR = YES;
				GCC_WARN_UNINITIALIZED_AUTOS = YES_AGGRESSIVE;
				GCC_WARN_UNUSED_FUNCTION = YES;
				GCC_WARN_UNUSED_VARIABLE = YES;
				IPHONEOS_DEPLOYMENT_TARGET = 16.4;
				MTL_ENABLE_DEBUG_INFO = NO;
				MTL_FAST_MATH = YES;
				SDKROOT = iphoneos;
				SWIFT_COMPILATION_MODE = wholemodule;
				SWIFT_OPTIMIZATION_LEVEL = "-O";
				VALIDATE_PRODUCT = YES;
			};
			name = Release;
		};
		E99A49332A685F2800590E4E /* Debug */ = {
			isa = XCBuildConfiguration;
			buildSettings = {
				ASSETCATALOG_COMPILER_APPICON_NAME = AppIcon;
				ASSETCATALOG_COMPILER_GLOBAL_ACCENT_COLOR_NAME = AccentColor;
				CODE_SIGN_STYLE = Automatic;
				CURRENT_PROJECT_VERSION = 1;
				GENERATE_INFOPLIST_FILE = YES;
				INFOPLIST_FILE = PickerView/Info.plist;
				INFOPLIST_KEY_UIApplicationSupportsIndirectInputEvents = YES;
				INFOPLIST_KEY_UILaunchStoryboardName = LaunchScreen;
				INFOPLIST_KEY_UIMainStoryboardFile = Main;
				INFOPLIST_KEY_UISupportedInterfaceOrientations_iPad = "UIInterfaceOrientationPortrait UIInterfaceOrientationPortraitUpsideDown UIInterfaceOrientationLandscapeLeft UIInterfaceOrientationLandscapeRight";
				INFOPLIST_KEY_UISupportedInterfaceOrientations_iPhone = "UIInterfaceOrientationPortrait UIInterfaceOrientationLandscapeLeft UIInterfaceOrientationLandscapeRight";
				LD_RUNPATH_SEARCH_PATHS = (
					"$(inherited)",
					"@executable_path/Frameworks",
				);
				MARKETING_VERSION = 1.0;
				PRODUCT_BUNDLE_IDENTIFIER = net.macnpc.PickerView;
				PRODUCT_NAME = "$(TARGET_NAME)";
				SWIFT_EMIT_LOC_STRINGS = YES;
				SWIFT_VERSION = 5.0;
				TARGETED_DEVICE_FAMILY = "1,2";
			};
			name = Debug;
		};
		E99A49342A685F2800590E4E /* Release */ = {
			isa = XCBuildConfiguration;
			buildSettings = {
				ASSETCATALOG_COMPILER_APPICON_NAME = AppIcon;
				ASSETCATALOG_COMPILER_GLOBAL_ACCENT_COLOR_NAME = AccentColor;
				CODE_SIGN_STYLE = Automatic;
				CURRENT_PROJECT_VERSION = 1;
				GENERATE_INFOPLIST_FILE = YES;
				INFOPLIST_FILE = PickerView/Info.plist;
				INFOPLIST_KEY_UIApplicationSupportsIndirectInputEvents = YES;
				INFOPLIST_KEY_UILaunchStoryboardName = LaunchScreen;
				INFOPLIST_KEY_UIMainStoryboardFile = Main;
				INFOPLIST_KEY_UISupportedInterfaceOrientations_iPad = "UIInterfaceOrientationPortrait UIInterfaceOrientationPortraitUpsideDown UIInterfaceOrientationLandscapeLeft UIInterfaceOrientationLandscapeRight";
				INFOPLIST_KEY_UISupportedInterfaceOrientations_iPhone = "UIInterfaceOrientationPortrait UIInterfaceOrientationLandscapeLeft UIInterfaceOrientationLandscapeRight";
				LD_RUNPATH_SEARCH_PATHS = (
					"$(inherited)",
					"@executable_path/Frameworks",
				);
				MARKETING_VERSION = 1.0;
				PRODUCT_BUNDLE_IDENTIFIER = net.macnpc.PickerView;
				PRODUCT_NAME = "$(TARGET_NAME)";
				SWIFT_EMIT_LOC_STRINGS = YES;
				SWIFT_VERSION = 5.0;
				TARGETED_DEVICE_FAMILY = "1,2";
			};
			name = Release;
		};
/* End XCBuildConfiguration section */

/* Begin XCConfigurationList section */
		E99A49192A685F2500590E4E /* Build configuration list for PBXProject "PickerView" */ = {
			isa = XCConfigurationList;
			buildConfigurations = (
				E99A49302A685F2800590E4E /* Debug */,
				E99A49312A685F2800590E4E /* Release */,
			);
			defaultConfigurationIsVisible = 0;
			defaultConfigurationName = Release;
		};
		E99A49322A685F2800590E4E /* Build configuration list for PBXNativeTarget "PickerView" */ = {
			isa = XCConfigurationList;
			buildConfigurations = (
				E99A49332A685F2800590E4E /* Debug */,
				E99A49342A685F2800590E4E /* Release */,
			);
			defaultConfigurationIsVisible = 0;
			defaultConfigurationName = Release;
		};
/* End XCConfigurationList section */
	};
	rootObject = E99A49162A685F2500590E4E /* Project object */;
}
