// !$*UTF8*$!
{
	archiveVersion = 1;
	classes = {
	};
	objectVersion = 56;
	objects = {

/* Begin PBXBuildFile section */
		E94817492A6AFEC300786A3D /* AppDelegate.swift in Sources */ = {isa = PBXBuildFile; fileRef = E94817482A6AFEC300786A3D /* AppDelegate.swift */; };
		E948174B2A6AFEC300786A3D /* SceneDelegate.swift in Sources */ = {isa = PBXBuildFile; fileRef = E948174A2A6AFEC300786A3D /* SceneDelegate.swift */; };
		E948174D2A6AFEC300786A3D /* ViewController.swift in Sources */ = {isa = PBXBuildFile; fileRef = E948174C2A6AFEC300786A3D /* ViewController.swift */; };
		E94817502A6AFEC300786A3D /* Main.storyboard in Resources */ = {isa = PBXBuildFile; fileRef = E948174E2A6AFEC300786A3D /* Main.storyboard */; };
		E94817522A6AFEC700786A3D /* Assets.xcassets in Resources */ = {isa = PBXBuildFile; fileRef = E94817512A6AFEC700786A3D /* Assets.xcassets */; };
		E94817552A6AFEC800786A3D /* LaunchScreen.storyboard in Resources */ = {isa = PBXBuildFile; fileRef = E94817532A6AFEC800786A3D /* LaunchScreen.storyboard */; };
		E94817612A6B3A0900786A3D /* Calendar32.png in Resources */ = {isa = PBXBuildFile; fileRef = E948175C2A6B3A0900786A3D /* Calendar32.png */; };
		E94817622A6B3A0900786A3D /* lamp_on.png in Resources */ = {isa = PBXBuildFile; fileRef = E948175D2A6B3A0900786A3D /* lamp_on.png */; };
		E94817632A6B3A0900786A3D /* Pictures32.png in Resources */ = {isa = PBXBuildFile; fileRef = E948175E2A6B3A0900786A3D /* Pictures32.png */; };
		E94817642A6B3A0900786A3D /* File.png in Resources */ = {isa = PBXBuildFile; fileRef = E948175F2A6B3A0900786A3D /* File.png */; };
		E94817652A6B3A0900786A3D /* lamp_off.png in Resources */ = {isa = PBXBuildFile; fileRef = E94817602A6B3A0900786A3D /* lamp_off.png */; };
		E94817672A6B3A3800786A3D /* ImageViewController.swift in Sources */ = {isa = PBXBuildFile; fileRef = E94817662A6B3A3800786A3D /* ImageViewController.swift */; };
		E94817692A6B3CB400786A3D /* DateViewController.swift in Sources */ = {isa = PBXBuildFile; fileRef = E94817682A6B3CB400786A3D /* DateViewController.swift */; };
/* End PBXBuildFile section */

/* Begin PBXFileReference section */
		E94817452A6AFEC300786A3D /* Tab.app */ = {isa = PBXFileReference; explicitFileType = wrapper.application; includeInIndex = 0; path = Tab.app; sourceTree = BUILT_PRODUCTS_DIR; };
		E94817482A6AFEC300786A3D /* AppDelegate.swift */ = {isa = PBXFileReference; lastKnownFileType = sourcecode.swift; path = AppDelegate.swift; sourceTree = "<group>"; };
		E948174A2A6AFEC300786A3D /* SceneDelegate.swift */ = {isa = PBXFileReference; lastKnownFileType = sourcecode.swift; path = SceneDelegate.swift; sourceTree = "<group>"; };
		E948174C2A6AFEC300786A3D /* ViewController.swift */ = {isa = PBXFileReference; lastKnownFileType = sourcecode.swift; path = ViewController.swift; sourceTree = "<group>"; };
		E948174F2A6AFEC300786A3D /* Base */ = {isa = PBXFileReference; lastKnownFileType = file.storyboard; name = Base; path = Base.lproj/Main.storyboard; sourceTree = "<group>"; };
		E94817512A6AFEC700786A3D /* Assets.xcassets */ = {isa = PBXFileReference; lastKnownFileType = folder.assetcatalog; path = Assets.xcassets; sourceTree = "<group>"; };
		E94817542A6AFEC800786A3D /* Base */ = {isa = PBXFileReference; lastKnownFileType = file.storyboard; name = Base; path = Base.lproj/LaunchScreen.storyboard; sourceTree = "<group>"; };
		E94817562A6AFEC800786A3D /* Info.plist */ = {isa = PBXFileReference; lastKnownFileType = text.plist.xml; path = Info.plist; sourceTree = "<group>"; };
		E948175C2A6B3A0900786A3D /* Calendar32.png */ = {isa = PBXFileReference; lastKnownFileType = image.png; path = Calendar32.png; sourceTree = "<group>"; };
		E948175D2A6B3A0900786A3D /* lamp_on.png */ = {isa = PBXFileReference; lastKnownFileType = image.png; path = lamp_on.png; sourceTree = "<group>"; };
		E948175E2A6B3A0900786A3D /* Pictures32.png */ = {isa = PBXFileReference; lastKnownFileType = image.png; path = Pictures32.png; sourceTree = "<group>"; };
		E948175F2A6B3A0900786A3D /* File.png */ = {isa = PBXFileReference; lastKnownFileType = image.png; path = File.png; sourceTree = "<group>"; };
		E94817602A6B3A0900786A3D /* lamp_off.png */ = {isa = PBXFileReference; lastKnownFileType = image.png; path = lamp_off.png; sourceTree = "<group>"; };
		E94817662A6B3A3800786A3D /* ImageViewController.swift */ = {isa = PBXFileReference; fileEncoding = 4; lastKnownFileType = sourcecode.swift; path = ImageViewController.swift; sourceTree = "<group>"; };
		E94817682A6B3CB400786A3D /* DateViewController.swift */ = {isa = PBXFileReference; fileEncoding = 4; lastKnownFileType = sourcecode.swift; path = DateViewController.swift; sourceTree = "<group>"; };
/* End PBXFileReference section */

/* Begin PBXFrameworksBuildPhase section */
		E94817422A6AFEC300786A3D /* Frameworks */ = {
			isa = PBXFrameworksBuildPhase;
			buildActionMask = 2147483647;
			files = (
			);
			runOnlyForDeploymentPostprocessing = 0;
		};
/* End PBXFrameworksBuildPhase section */

/* Begin PBXGroup section */
		E948173C2A6AFEC300786A3D = {
			isa = PBXGroup;
			children = (
				E94817472A6AFEC300786A3D /* Tab */,
				E94817462A6AFEC300786A3D /* Products */,
			);
			sourceTree = "<group>";
		};
		E94817462A6AFEC300786A3D /* Products */ = {
			isa = PBXGroup;
			children = (
				E94817452A6AFEC300786A3D /* Tab.app */,
			);
			name = Products;
			sourceTree = "<group>";
		};
		E94817472A6AFEC300786A3D /* Tab */ = {
			isa = PBXGroup;
			children = (
				E94817482A6AFEC300786A3D /* AppDelegate.swift */,
				E948174A2A6AFEC300786A3D /* SceneDelegate.swift */,
				E948174C2A6AFEC300786A3D /* ViewController.swift */,
				E948174E2A6AFEC300786A3D /* Main.storyboard */,
				E94817512A6AFEC700786A3D /* Assets.xcassets */,
				E94817532A6AFEC800786A3D /* LaunchScreen.storyboard */,
				E94817562A6AFEC800786A3D /* Info.plist */,
				E948175C2A6B3A0900786A3D /* Calendar32.png */,
				E948175F2A6B3A0900786A3D /* File.png */,
				E94817602A6B3A0900786A3D /* lamp_off.png */,
				E948175D2A6B3A0900786A3D /* lamp_on.png */,
				E948175E2A6B3A0900786A3D /* Pictures32.png */,
				E94817662A6B3A3800786A3D /* ImageViewController.swift */,
				E94817682A6B3CB400786A3D /* DateViewController.swift */,
			);
			path = Tab;
			sourceTree = "<group>";
		};
/* End PBXGroup section */

/* Begin PBXNativeTarget section */
		E94817442A6AFEC300786A3D /* Tab */ = {
			isa = PBXNativeTarget;
			buildConfigurationList = E94817592A6AFEC800786A3D /* Build configuration list for PBXNativeTarget "Tab" */;
			buildPhases = (
				E94817412A6AFEC300786A3D /* Sources */,
				E94817422A6AFEC300786A3D /* Frameworks */,
				E94817432A6AFEC300786A3D /* Resources */,
			);
			buildRules = (
			);
			dependencies = (
			);
			name = Tab;
			productName = Tab;
			productReference = E94817452A6AFEC300786A3D /* Tab.app */;
			productType = "com.apple.product-type.application";
		};
/* End PBXNativeTarget section */

/* Begin PBXProject section */
		E948173D2A6AFEC300786A3D /* Project object */ = {
			isa = PBXProject;
			attributes = {
				BuildIndependentTargetsInParallel = 1;
				LastSwiftUpdateCheck = 1430;
				LastUpgradeCheck = 1430;
				TargetAttributes = {
					E94817442A6AFEC300786A3D = {
						CreatedOnToolsVersion = 14.3.1;
					};
				};
			};
			buildConfigurationList = E94817402A6AFEC300786A3D /* Build configuration list for PBXProject "Tab" */;
			compatibilityVersion = "Xcode 14.0";
			developmentRegion = en;
			hasScannedForEncodings = 0;
			knownRegions = (
				en,
				Base,
			);
			mainGroup = E948173C2A6AFEC300786A3D;
			productRefGroup = E94817462A6AFEC300786A3D /* Products */;
			projectDirPath = "";
			projectRoot = "";
			targets = (
				E94817442A6AFEC300786A3D /* Tab */,
			);
		};
/* End PBXProject section */

/* Begin PBXResourcesBuildPhase section */
		E94817432A6AFEC300786A3D /* Resources */ = {
			isa = PBXResourcesBuildPhase;
			buildActionMask = 2147483647;
			files = (
				E94817612A6B3A0900786A3D /* Calendar32.png in Resources */,
				E94817552A6AFEC800786A3D /* LaunchScreen.storyboard in Resources */,
				E94817622A6B3A0900786A3D /* lamp_on.png in Resources */,
				E94817652A6B3A0900786A3D /* lamp_off.png in Resources */,
				E94817642A6B3A0900786A3D /* File.png in Resources */,
				E94817522A6AFEC700786A3D /* Assets.xcassets in Resources */,
				E94817502A6AFEC300786A3D /* Main.storyboard in Resources */,
				E94817632A6B3A0900786A3D /* Pictures32.png in Resources */,
			);
			runOnlyForDeploymentPostprocessing = 0;
		};
/* End PBXResourcesBuildPhase section */

/* Begin PBXSourcesBuildPhase section */
		E94817412A6AFEC300786A3D /* Sources */ = {
			isa = PBXSourcesBuildPhase;
			buildActionMask = 2147483647;
			files = (
				E94817692A6B3CB400786A3D /* DateViewController.swift in Sources */,
				E948174D2A6AFEC300786A3D /* ViewController.swift in Sources */,
				E94817492A6AFEC300786A3D /* AppDelegate.swift in Sources */,
				E94817672A6B3A3800786A3D /* ImageViewController.swift in Sources */,
				E948174B2A6AFEC300786A3D /* SceneDelegate.swift in Sources */,
			);
			runOnlyForDeploymentPostprocessing = 0;
		};
/* End PBXSourcesBuildPhase section */

/* Begin PBXVariantGroup section */
		E948174E2A6AFEC300786A3D /* Main.storyboard */ = {
			isa = PBXVariantGroup;
			children = (
				E948174F2A6AFEC300786A3D /* Base */,
			);
			name = Main.storyboard;
			sourceTree = "<group>";
		};
		E94817532A6AFEC800786A3D /* LaunchScreen.storyboard */ = {
			isa = PBXVariantGroup;
			children = (
				E94817542A6AFEC800786A3D /* Base */,
			);
			name = LaunchScreen.storyboard;
			sourceTree = "<group>";
		};
/* End PBXVariantGroup section */

/* Begin XCBuildConfiguration section */
		E94817572A6AFEC800786A3D /* Debug */ = {
			isa = XCBuildConfiguration;
			buildSettings = {
				ALWAYS_SEARCH_USER_PATHS = NO;
				CLANG_ANALYZER_NONNULL = YES;
				CLANG_ANALYZER_NUMBER_OBJECT_CONVERSION = YES_AGGRESSIVE;
				CLANG_CXX_LANGUAGE_STANDARD = "gnu++20";
				CLANG_ENABLE_MODULES = YES;
				CLANG_ENABLE_OBJC_ARC = YES;
				CLANG_ENABLE_OBJC_WEAK = YES;
				CLANG_WARN_BLOCK_CAPTURE_AUTORELEASING = YES;
				CLANG_WARN_BOOL_CONVERSION = YES;
				CLANG_WARN_COMMA = YES;
				CLANG_WARN_CONSTANT_CONVERSION = YES;
				CLANG_WARN_DEPRECATED_OBJC_IMPLEMENTATIONS = YES;
				CLANG_WARN_DIRECT_OBJC_ISA_USAGE = YES_ERROR;
				CLANG_WARN_DOCUMENTATION_COMMENTS = YES;
				CLANG_WARN_EMPTY_BODY = YES;
				CLANG_WARN_ENUM_CONVERSION = YES;
				CLANG_WARN_INFINITE_RECURSION = YES;
				CLANG_WARN_INT_CONVERSION = YES;
				CLANG_WARN_NON_LITERAL_NULL_CONVERSION = YES;
				CLANG_WARN_OBJC_IMPLICIT_RETAIN_SELF = YES;
				CLANG_WARN_OBJC_LITERAL_CONVERSION = YES;
				CLANG_WARN_OBJC_ROOT_CLASS = YES_ERROR;
				CLANG_WARN_QUOTED_INCLUDE_IN_FRAMEWORK_HEADER = YES;
				CLANG_WARN_RANGE_LOOP_ANALYSIS = YES;
				CLANG_WARN_STRICT_PROTOTYPES = YES;
				CLANG_WARN_SUSPICIOUS_MOVE = YES;
				CLANG_WARN_UNGUARDED_AVAILABILITY = YES_AGGRESSIVE;
				CLANG_WARN_UNREACHABLE_CODE = YES;
				CLANG_WARN__DUPLICATE_METHOD_MATCH = YES;
				COPY_PHASE_STRIP = NO;
				DEBUG_INFORMATION_FORMAT = dwarf;
				ENABLE_STRICT_OBJC_MSGSEND = YES;
				ENABLE_TESTABILITY = YES;
				GCC_C_LANGUAGE_STANDARD = gnu11;
				GCC_DYNAMIC_NO_PIC = NO;
				GCC_NO_COMMON_BLOCKS = YES;
				GCC_OPTIMIZATION_LEVEL = 0;
				GCC_PREPROCESSOR_DEFINITIONS = (
					"DEBUG=1",
					"$(inherited)",
				);
				GCC_WARN_64_TO_32_BIT_CONVERSION = YES;
				GCC_WARN_ABOUT_RETURN_TYPE = YES_ERROR;
				GCC_WARN_UNDECLARED_SELECTOR = YES;
				GCC_WARN_UNINITIALIZED_AUTOS = YES_AGGRESSIVE;
				GCC_WARN_UNUSED_FUNCTION = YES;
				GCC_WARN_UNUSED_VARIABLE = YES;
				IPHONEOS_DEPLOYMENT_TARGET = 16.4;
				MTL_ENABLE_DEBUG_INFO = INCLUDE_SOURCE;
				MTL_FAST_MATH = YES;
				ONLY_ACTIVE_ARCH = YES;
				SDKROOT = iphoneos;
				SWIFT_ACTIVE_COMPILATION_CONDITIONS = DEBUG;
				SWIFT_OPTIMIZATION_LEVEL = "-Onone";
			};
			name = Debug;
		};
		E94817582A6AFEC800786A3D /* Release */ = {
			isa = XCBuildConfiguration;
			buildSettings = {
				ALWAYS_SEARCH_USER_PATHS = NO;
				CLANG_ANALYZER_NONNULL = YES;
				CLANG_ANALYZER_NUMBER_OBJECT_CONVERSION = YES_AGGRESSIVE;
				CLANG_CXX_LANGUAGE_STANDARD = "gnu++20";
				CLANG_ENABLE_MODULES = YES;
				CLANG_ENABLE_OBJC_ARC = YES;
				CLANG_ENABLE_OBJC_WEAK = YES;
				CLANG_WARN_BLOCK_CAPTURE_AUTORELEASING = YES;
				CLANG_WARN_BOOL_CONVERSION = YES;
				CLANG_WARN_COMMA = YES;
				CLANG_WARN_CONSTANT_CONVERSION = YES;
				CLANG_WARN_DEPRECATED_OBJC_IMPLEMENTATIONS = YES;
				CLANG_WARN_DIRECT_OBJC_ISA_USAGE = YES_ERROR;
				CLANG_WARN_DOCUMENTATION_COMMENTS = YES;
				CLANG_WARN_EMPTY_BODY = YES;
				CLANG_WARN_ENUM_CONVERSION = YES;
				CLANG_WARN_INFINITE_RECURSION = YES;
				CLANG_WARN_INT_CONVERSION = YES;
				CLANG_WARN_NON_LITERAL_NULL_CONVERSION = YES;
				CLANG_WARN_OBJC_IMPLICIT_RETAIN_SELF = YES;
				CLANG_WARN_OBJC_LITERAL_CONVERSION = YES;
				CLANG_WARN_OBJC_ROOT_CLASS = YES_ERROR;
				CLANG_WARN_QUOTED_INCLUDE_IN_FRAMEWORK_HEADER = YES;
				CLANG_WARN_RANGE_LOOP_ANALYSIS = YES;
				CLANG_WARN_STRICT_PROTOTYPES = YES;
				CLANG_WARN_SUSPICIOUS_MOVE = YES;
				CLANG_WARN_UNGUARDED_AVAILABILITY = YES_AGGRESSIVE;
				CLANG_WARN_UNREACHABLE_CODE = YES;
				CLANG_WARN__DUPLICATE_METHOD_MATCH = YES;
				COPY_PHASE_STRIP = NO;
				DEBUG_INFORMATION_FORMAT = "dwarf-with-dsym";
				ENABLE_NS_ASSERTIONS = NO;
				ENABLE_STRICT_OBJC_MSGSEND = YES;
				GCC_C_LANGUAGE_STANDARD = gnu11;
				GCC_NO_COMMON_BLOCKS = YES;
				GCC_WARN_64_TO_32_BIT_CONVERSION = YES;
				GCC_WARN_ABOUT_RETURN_TYPE = YES_ERROR;
				GCC_WARN_UNDECLARED_SELECTOR = YES;
				GCC_WARN_UNINITIALIZED_AUTOS = YES_AGGRESSIVE;
				GCC_WARN_UNUSED_FUNCTION = YES;
				GCC_WARN_UNUSED_VARIABLE = YES;
				IPHONEOS_DEPLOYMENT_TARGET = 16.4;
				MTL_ENABLE_DEBUG_INFO = NO;
				MTL_FAST_MATH = YES;
				SDKROOT = iphoneos;
				SWIFT_COMPILATION_MODE = wholemodule;
				SWIFT_OPTIMIZATION_LEVEL = "-O";
				VALIDATE_PRODUCT = YES;
			};
			name = Release;
		};
		E948175A2A6AFEC800786A3D /* Debug */ = {
			isa = XCBuildConfiguration;
			buildSettings = {
				ASSETCATALOG_COMPILER_APPICON_NAME = AppIcon;
				ASSETCATALOG_COMPILER_GLOBAL_ACCENT_COLOR_NAME = AccentColor;
				CODE_SIGN_STYLE = Automatic;
				CURRENT_PROJECT_VERSION = 1;
				GENERATE_INFOPLIST_FILE = YES;
				INFOPLIST_FILE = Tab/Info.plist;
				INFOPLIST_KEY_UIApplicationSupportsIndirectInputEvents = YES;
				INFOPLIST_KEY_UILaunchStoryboardName = LaunchScreen;
				INFOPLIST_KEY_UIMainStoryboardFile = Main;
				INFOPLIST_KEY_UISupportedInterfaceOrientations_iPad = "UIInterfaceOrientationPortrait UIInterfaceOrientationPortraitUpsideDown UIInterfaceOrientationLandscapeLeft UIInterfaceOrientationLandscapeRight";
				INFOPLIST_KEY_UISupportedInterfaceOrientations_iPhone = "UIInterfaceOrientationPortrait UIInterfaceOrientationLandscapeLeft UIInterfaceOrientationLandscapeRight";
				LD_RUNPATH_SEARCH_PATHS = (
					"$(inherited)",
					"@executable_path/Frameworks",
				);
				MARKETING_VERSION = 1.0;
				PRODUCT_BUNDLE_IDENTIFIER = net.macnpc.Tab;
				PRODUCT_NAME = "$(TARGET_NAME)";
				SWIFT_EMIT_LOC_STRINGS = YES;
				SWIFT_VERSION = 5.0;
				TARGETED_DEVICE_FAMILY = "1,2";
			};
			name = Debug;
		};
		E948175B2A6AFEC800786A3D /* Release */ = {
			isa = XCBuildConfiguration;
			buildSettings = {
				ASSETCATALOG_COMPILER_APPICON_NAME = AppIcon;
				ASSETCATALOG_COMPILER_GLOBAL_ACCENT_COLOR_NAME = AccentColor;
				CODE_SIGN_STYLE = Automatic;
				CURRENT_PROJECT_VERSION = 1;
				GENERATE_INFOPLIST_FILE = YES;
				INFOPLIST_FILE = Tab/Info.plist;
				INFOPLIST_KEY_UIApplicationSupportsIndirectInputEvents = YES;
				INFOPLIST_KEY_UILaunchStoryboardName = LaunchScreen;
				INFOPLIST_KEY_UIMainStoryboardFile = Main;
				INFOPLIST_KEY_UISupportedInterfaceOrientations_iPad = "UIInterfaceOrientationPortrait UIInterfaceOrientationPortraitUpsideDown UIInterfaceOrientationLandscapeLeft UIInterfaceOrientationLandscapeRight";
				INFOPLIST_KEY_UISupportedInterfaceOrientations_iPhone = "UIInterfaceOrientationPortrait UIInterfaceOrientationLandscapeLeft UIInterfaceOrientationLandscapeRight";
				LD_RUNPATH_SEARCH_PATHS = (
					"$(inherited)",
					"@executable_path/Frameworks",
				);
				MARKETING_VERSION = 1.0;
				PRODUCT_BUNDLE_IDENTIFIER = net.macnpc.Tab;
				PRODUCT_NAME = "$(TARGET_NAME)";
				SWIFT_EMIT_LOC_STRINGS = YES;
				SWIFT_VERSION = 5.0;
				TARGETED_DEVICE_FAMILY = "1,2";
			};
			name = Release;
		};
/* End XCBuildConfiguration section */

/* Begin XCConfigurationList section */
		E94817402A6AFEC300786A3D /* Build configuration list for PBXProject "Tab" */ = {
			isa = XCConfigurationList;
			buildConfigurations = (
				E94817572A6AFEC800786A3D /* Debug */,
				E94817582A6AFEC800786A3D /* Release */,
			);
			defaultConfigurationIsVisible = 0;
			defaultConfigurationName = Release;
		};
		E94817592A6AFEC800786A3D /* Build configuration list for PBXNativeTarget "Tab" */ = {
			isa = XCConfigurationList;
			buildConfigurations = (
				E948175A2A6AFEC800786A3D /* Debug */,
				E948175B2A6AFEC800786A3D /* Release */,
			);
			defaultConfigurationIsVisible = 0;
			defaultConfigurationName = Release;
		};
/* End XCConfigurationList section */
	};
	rootObject = E948173D2A6AFEC300786A3D /* Project object */;
}
